# Resolved by tools/refs/sync.py — do not edit by hand.

octamax = "7d9debcfdf7dbb1351066f6010d7f250d2b2ab28"  # README: hardware screenshots for slice playhead, 256 slots and arp sca
elektron-firmware-tool = "065d18f4195793e61891e387813488ee59f6d1ca"  # elektron-firmware-tool: inspect and modify Elektron OS .syx files
OctaLib = "6e2438ebae7687ad50b43f098b19bc1de1b8f4b9"  # Merge pull request #9 from snugsound/feature/release-macos-0.1.1.0
ems-octakit = "ca3b527304565e3bcb0d81f4e667b3cfc9b2f088"  # add octakit source and build tools
octa-bt-pt = "e970dd0f9841ce5f648c2a257342cb8a3a05b54a"  # added the ability to upload presets and some built-in presets that I l
octabam = "2f241e12e0e91bd1f5618ec210bfc6af050b9eaf"  # Merge pull request #117 from sambanks/rtos-staged-sample
